
Microsoft Visual Studio Solution File, Format Version 12.00
# Visual Studio Version 17
VisualStudioVersion = 17.13.35825.156 d17.13
MinimumVisualStudioVersion = 10.0.40219.1
Project("{FAE04EC0-301F-11D3-BF4B-00C04F79EFBC}") = "ApiAzureDevOpsPipeline", "ApiAzureDevOpsPipeline\ApiAzureDevOpsPipeline.csproj", "{332762E8-EBF2-4B79-B0A5-BD37FE8D2885}"
EndProject
Global
	GlobalSection(SolutionConfigurationPlatforms) = preSolution
		Debug|Any CPU = Debug|Any CPU
		Release|Any CPU = Release|Any CPU
	EndGlobalSection
	GlobalSection(ProjectConfigurationPlatforms) = postSolution
		{332762E8-EBF2-4B79-B0A5-BD37FE8D2885}.Debug|Any CPU.ActiveCfg = Debug|Any CPU
		{332762E8-EBF2-4B79-B0A5-BD37FE8D2885}.Debug|Any CPU.Build.0 = Debug|Any CPU
		{332762E8-EBF2-4B79-B0A5-BD37FE8D2885}.Release|Any CPU.ActiveCfg = Release|Any CPU
		{332762E8-EBF2-4B79-B0A5-BD37FE8D2885}.Release|Any CPU.Build.0 = Release|Any CPU
	EndGlobalSection
	GlobalSection(SolutionProperties) = preSolution
		HideSolutionNode = FALSE
	EndGlobalSection
	GlobalSection(ExtensibilityGlobals) = postSolution
		SolutionGuid = {8918A5F9-8DB9-4242-9F4E-B21B87F40094}
	EndGlobalSection
EndGlobal
